Microsoft Visual Studio Solution File, Format Version 12.00
# Visual Studio Express 2012 for Windows Phone
Project("{FAE04EC0-301F-11D3-BF4B-00C04F79EFBC}") = "ActivityRecommender", "deps\ActivityRecommender\ActivityRecommender.csproj", "{4582D0BA-FEB0-4334-A399-C49822C51AF7}"
EndProject
Project("{FAE04EC0-301F-11D3-BF4B-00C04F79EFBC}") = "VisiPlacer", "deps\VisiPlacer\VisiPlacer.csproj", "{D491BFF2-A90F-4A7E-BC49-D3D994ADFBE0}"
EndProject
Project("{FAE04EC0-301F-11D3-BF4B-00C04F79EFBC}") = "StatList", "deps\StatList\StatList.csproj", "{7F60DDC6-466F-4D56-AE30-6FD963550BD7}"
EndProject
Project("{FAE04EC0-301F-11D3-BF4B-00C04F79EFBC}") = "AdaptiveInterpolator", "deps\AdaptiveInterpolator\AdaptiveInterpolator.csproj", "{6E2487F1-0CB7-41ED-BF83-9C6BD9560C13}"
EndProject
Global
	GlobalSection(SolutionConfigurationPlatforms) = preSolution
		Debug|Any CPU = Debug|Any CPU
		Debug|ARM = Debug|ARM
		Debug|x86 = Debug|x86
		Release|Any CPU = Release|Any CPU
		Release|ARM = Release|ARM
		Release|x86 = Release|x86
	EndGlobalSection
	GlobalSection(ProjectConfigurationPlatforms) = postSolution
		{4582D0BA-FEB0-4334-A399-C49822C51AF7}.Debug|Any CPU.ActiveCfg = Debug|Any CPU
		{4582D0BA-FEB0-4334-A399-C49822C51AF7}.Debug|Any CPU.Build.0 = Debug|Any CPU
		{4582D0BA-FEB0-4334-A399-C49822C51AF7}.Debug|Any CPU.Deploy.0 = Debug|Any CPU
		{4582D0BA-FEB0-4334-A399-C49822C51AF7}.Debug|ARM.ActiveCfg = Debug|ARM
		{4582D0BA-FEB0-4334-A399-C49822C51AF7}.Debug|ARM.Build.0 = Debug|ARM
		{4582D0BA-FEB0-4334-A399-C49822C51AF7}.Debug|ARM.Deploy.0 = Debug|ARM
		{4582D0BA-FEB0-4334-A399-C49822C51AF7}.Debug|x86.ActiveCfg = Debug|x86
		{4582D0BA-FEB0-4334-A399-C49822C51AF7}.Debug|x86.Build.0 = Debug|x86
		{4582D0BA-FEB0-4334-A399-C49822C51AF7}.Debug|x86.Deploy.0 = Debug|x86
		{4582D0BA-FEB0-4334-A399-C49822C51AF7}.Release|Any CPU.ActiveCfg = Release|Any CPU
		{4582D0BA-FEB0-4334-A399-C49822C51AF7}.Release|Any CPU.Build.0 = Release|Any CPU
		{4582D0BA-FEB0-4334-A399-C49822C51AF7}.Release|Any CPU.Deploy.0 = Release|Any CPU
		{4582D0BA-FEB0-4334-A399-C49822C51AF7}.Release|ARM.ActiveCfg = Release|ARM
		{4582D0BA-FEB0-4334-A399-C49822C51AF7}.Release|ARM.Build.0 = Release|ARM
		{4582D0BA-FEB0-4334-A399-C49822C51AF7}.Release|ARM.Deploy.0 = Release|ARM
		{4582D0BA-FEB0-4334-A399-C49822C51AF7}.Release|x86.ActiveCfg = Release|x86
		{4582D0BA-FEB0-4334-A399-C49822C51AF7}.Release|x86.Build.0 = Release|x86
		{4582D0BA-FEB0-4334-A399-C49822C51AF7}.Release|x86.Deploy.0 = Release|x86
		{D491BFF2-A90F-4A7E-BC49-D3D994ADFBE0}.Debug|Any CPU.ActiveCfg = Debug|Any CPU
		{D491BFF2-A90F-4A7E-BC49-D3D994ADFBE0}.Debug|Any CPU.Build.0 = Debug|Any CPU
		{D491BFF2-A90F-4A7E-BC49-D3D994ADFBE0}.Debug|ARM.ActiveCfg = Debug|ARM
		{D491BFF2-A90F-4A7E-BC49-D3D994ADFBE0}.Debug|ARM.Build.0 = Debug|ARM
		{D491BFF2-A90F-4A7E-BC49-D3D994ADFBE0}.Debug|x86.ActiveCfg = Debug|x86
		{D491BFF2-A90F-4A7E-BC49-D3D994ADFBE0}.Debug|x86.Build.0 = Debug|x86
		{D491BFF2-A90F-4A7E-BC49-D3D994ADFBE0}.Release|Any CPU.ActiveCfg = Release|Any CPU
		{D491BFF2-A90F-4A7E-BC49-D3D994ADFBE0}.Release|Any CPU.Build.0 = Release|Any CPU
		{D491BFF2-A90F-4A7E-BC49-D3D994ADFBE0}.Release|ARM.ActiveCfg = Release|ARM
		{D491BFF2-A90F-4A7E-BC49-D3D994ADFBE0}.Release|ARM.Build.0 = Release|ARM
		{D491BFF2-A90F-4A7E-BC49-D3D994ADFBE0}.Release|x86.ActiveCfg = Release|x86
		{D491BFF2-A90F-4A7E-BC49-D3D994ADFBE0}.Release|x86.Build.0 = Release|x86
		{7F60DDC6-466F-4D56-AE30-6FD963550BD7}.Debug|Any CPU.ActiveCfg = Debug|Any CPU
		{7F60DDC6-466F-4D56-AE30-6FD963550BD7}.Debug|Any CPU.Build.0 = Debug|Any CPU
		{7F60DDC6-466F-4D56-AE30-6FD963550BD7}.Debug|ARM.ActiveCfg = Debug|ARM
		{7F60DDC6-466F-4D56-AE30-6FD963550BD7}.Debug|ARM.Build.0 = Debug|ARM
		{7F60DDC6-466F-4D56-AE30-6FD963550BD7}.Debug|x86.ActiveCfg = Debug|x86
		{7F60DDC6-466F-4D56-AE30-6FD963550BD7}.Debug|x86.Build.0 = Debug|x86
		{7F60DDC6-466F-4D56-AE30-6FD963550BD7}.Release|Any CPU.ActiveCfg = Release|Any CPU
		{7F60DDC6-466F-4D56-AE30-6FD963550BD7}.Release|Any CPU.Build.0 = Release|Any CPU
		{7F60DDC6-466F-4D56-AE30-6FD963550BD7}.Release|ARM.ActiveCfg = Release|ARM
		{7F60DDC6-466F-4D56-AE30-6FD963550BD7}.Release|ARM.Build.0 = Release|ARM
		{7F60DDC6-466F-4D56-AE30-6FD963550BD7}.Release|x86.ActiveCfg = Release|x86
		{7F60DDC6-466F-4D56-AE30-6FD963550BD7}.Release|x86.Build.0 = Release|x86
		{6E2487F1-0CB7-41ED-BF83-9C6BD9560C13}.Debug|Any CPU.ActiveCfg = Debug|Any CPU
		{6E2487F1-0CB7-41ED-BF83-9C6BD9560C13}.Debug|Any CPU.Build.0 = Debug|Any CPU
		{6E2487F1-0CB7-41ED-BF83-9C6BD9560C13}.Debug|ARM.ActiveCfg = Debug|ARM
		{6E2487F1-0CB7-41ED-BF83-9C6BD9560C13}.Debug|ARM.Build.0 = Debug|ARM
		{6E2487F1-0CB7-41ED-BF83-9C6BD9560C13}.Debug|x86.ActiveCfg = Debug|x86
		{6E2487F1-0CB7-41ED-BF83-9C6BD9560C13}.Debug|x86.Build.0 = Debug|x86
		{6E2487F1-0CB7-41ED-BF83-9C6BD9560C13}.Release|Any CPU.ActiveCfg = Release|Any CPU
		{6E2487F1-0CB7-41ED-BF83-9C6BD9560C13}.Release|Any CPU.Build.0 = Release|Any CPU
		{6E2487F1-0CB7-41ED-BF83-9C6BD9560C13}.Release|ARM.ActiveCfg = Release|ARM
		{6E2487F1-0CB7-41ED-BF83-9C6BD9560C13}.Release|ARM.Build.0 = Release|ARM
		{6E2487F1-0CB7-41ED-BF83-9C6BD9560C13}.Release|x86.ActiveCfg = Release|x86
		{6E2487F1-0CB7-41ED-BF83-9C6BD9560C13}.Release|x86.Build.0 = Release|x86
	EndGlobalSection
	GlobalSection(SolutionProperties) = preSolution
		HideSolutionNode = FALSE
	EndGlobalSection
EndGlobal
